{
    "_meta": {
        "hash": {
            "sha256": "693ffc6f2fac4a3a52bee1e405338daaa67b95893331f281d26570c7f9c1efeb"
        },
        "pipfile-spec": 6,
        "requires": {},
        "sources": [
            {
                "name": "pypi",
                "url": "https://pypi.org/simple",
                "verify_ssl": true
            }
        ]
    },
    "default": {
        "apscheduler": {
            "hashes": [
                "sha256:3bb5229eed6fbbdafc13ce962712ae66e175aa214c69bed35a06bffcf0c5e244",
                "sha256:e8b1ecdb4c7cb2818913f766d5898183c7cb8936680710a4d3a966e02262e526"
            ],
            "version": "==3.6.3"
        },
        "async-generator": {
            "hashes": [
                "sha256:01c7bf666359b4967d2cda0000cc2e4af16a0ae098cbffcb8472fb9e8ad6585b",
                "sha256:6ebb3d106c12920aaae42ccb6f787ef5eefdcdd166ea3d628fa8476abe712144"
            ],
            "markers": "python_version >= '3.5'",
            "version": "==1.10"
        },
        "attrs": {
            "hashes": [
                "sha256:2d27e3784d7a565d36ab851fe94887c5eccd6a463168875832a1be79c82828b4",
                "sha256:626ba8234211db98e869df76230a137c4c40a12d72445c45d5f5b716f076e2fd"
            ],
            "markers": "python_version >= '2.7' and python_version not in '3.0, 3.1, 3.2, 3.3, 3.4'",
            "version": "==21.4.0"
        },
        "cachetools": {
            "hashes": [
                "sha256:2cc0b89715337ab6dbba85b5b50effe2b0c74e035d83ee8ed637cf52f12ae001",
                "sha256:61b5ed1e22a0924aed1d23b478f37e8d52549ff8a961de2909c69bf950020cff"
            ],
            "markers": "python_version ~= '3.5'",
            "version": "==4.2.2"
        },
        "certifi": {
            "hashes": [
                "sha256:78884e7c1d4b00ce3cea67b44566851c4343c120abd683433ce934a68ea58872",
                "sha256:d62a0163eb4c2344ac042ab2bdf75399a71a2d8c7d47eac2e2ee91b9d6339569"
            ],
            "version": "==2021.10.8"
        },
        "cffi": {
            "hashes": [
                "sha256:00c878c90cb53ccfaae6b8bc18ad05d2036553e6d9d1d9dbcf323bbe83854ca3",
                "sha256:0104fb5ae2391d46a4cb082abdd5c69ea4eab79d8d44eaaf79f1b1fd806ee4c2",
                "sha256:06c48159c1abed75c2e721b1715c379fa3200c7784271b3c46df01383b593636",
                "sha256:0808014eb713677ec1292301ea4c81ad277b6cdf2fdd90fd540af98c0b101d20",
                "sha256:10dffb601ccfb65262a27233ac273d552ddc4d8ae1bf93b21c94b8511bffe728",
                "sha256:14cd121ea63ecdae71efa69c15c5543a4b5fbcd0bbe2aad864baca0063cecf27",
                "sha256:17771976e82e9f94976180f76468546834d22a7cc404b17c22df2a2c81db0c66",
                "sha256:181dee03b1170ff1969489acf1c26533710231c58f95534e3edac87fff06c443",
                "sha256:23cfe892bd5dd8941608f93348c0737e369e51c100d03718f108bf1add7bd6d0",
                "sha256:263cc3d821c4ab2213cbe8cd8b355a7f72a8324577dc865ef98487c1aeee2bc7",
                "sha256:2756c88cbb94231c7a147402476be2c4df2f6078099a6f4a480d239a8817ae39",
                "sha256:27c219baf94952ae9d50ec19651a687b826792055353d07648a5695413e0c605",
                "sha256:2a23af14f408d53d5e6cd4e3d9a24ff9e05906ad574822a10563efcef137979a",
                "sha256:31fb708d9d7c3f49a60f04cf5b119aeefe5644daba1cd2a0fe389b674fd1de37",
                "sha256:3415c89f9204ee60cd09b235810be700e993e343a408693e80ce7f6a40108029",
                "sha256:3773c4d81e6e818df2efbc7dd77325ca0dcb688116050fb2b3011218eda36139",
                "sha256:3b96a311ac60a3f6be21d2572e46ce67f09abcf4d09344c49274eb9e0bf345fc",
                "sha256:3f7d084648d77af029acb79a0ff49a0ad7e9d09057a9bf46596dac9514dc07df",
                "sha256:41d45de54cd277a7878919867c0f08b0cf817605e4eb94093e7516505d3c8d14",
                "sha256:4238e6dab5d6a8ba812de994bbb0a79bddbdf80994e4ce802b6f6f3142fcc880",
                "sha256:45db3a33139e9c8f7c09234b5784a5e33d31fd6907800b316decad50af323ff2",
                "sha256:45e8636704eacc432a206ac7345a5d3d2c62d95a507ec70d62f23cd91770482a",
                "sha256:4958391dbd6249d7ad855b9ca88fae690783a6be9e86df65865058ed81fc860e",
                "sha256:4a306fa632e8f0928956a41fa8e1d6243c71e7eb59ffbd165fc0b41e316b2474",
                "sha256:57e9ac9ccc3101fac9d6014fba037473e4358ef4e89f8e181f8951a2c0162024",
                "sha256:59888172256cac5629e60e72e86598027aca6bf01fa2465bdb676d37636573e8",
                "sha256:5e069f72d497312b24fcc02073d70cb989045d1c91cbd53979366077959933e0",
                "sha256:64d4ec9f448dfe041705426000cc13e34e6e5bb13736e9fd62e34a0b0c41566e",
                "sha256:6dc2737a3674b3e344847c8686cf29e500584ccad76204efea14f451d4cc669a",
                "sha256:74fdfdbfdc48d3f47148976f49fab3251e550a8720bebc99bf1483f5bfb5db3e",
                "sha256:75e4024375654472cc27e91cbe9eaa08567f7fbdf822638be2814ce059f58032",
                "sha256:786902fb9ba7433aae840e0ed609f45c7bcd4e225ebb9c753aa39725bb3e6ad6",
                "sha256:8b6c2ea03845c9f501ed1313e78de148cd3f6cad741a75d43a29b43da27f2e1e",
                "sha256:91d77d2a782be4274da750752bb1650a97bfd8f291022b379bb8e01c66b4e96b",
                "sha256:91ec59c33514b7c7559a6acda53bbfe1b283949c34fe7440bcf917f96ac0723e",
                "sha256:920f0d66a896c2d99f0adbb391f990a84091179542c205fa53ce5787aff87954",
                "sha256:a5263e363c27b653a90078143adb3d076c1a748ec9ecc78ea2fb916f9b861962",
                "sha256:abb9a20a72ac4e0fdb50dae135ba5e77880518e742077ced47eb1499e29a443c",
                "sha256:c2051981a968d7de9dd2d7b87bcb9c939c74a34626a6e2f8181455dd49ed69e4",
                "sha256:c21c9e3896c23007803a875460fb786118f0cdd4434359577ea25eb556e34c55",
                "sha256:c2502a1a03b6312837279c8c1bd3ebedf6c12c4228ddbad40912d671ccc8a962",
                "sha256:d4d692a89c5cf08a8557fdeb329b82e7bf609aadfaed6c0d79f5a449a3c7c023",
                "sha256:da5db4e883f1ce37f55c667e5c0de439df76ac4cb55964655906306918e7363c",
                "sha256:e7022a66d9b55e93e1a845d8c9eba2a1bebd4966cd8bfc25d9cd07d515b33fa6",
                "sha256:ef1f279350da2c586a69d32fc8733092fd32cc8ac95139a00377841f59a3f8d8",
                "sha256:f54a64f8b0c8ff0b64d18aa76675262e1700f3995182267998c31ae974fbc382",
                "sha256:f5c7150ad32ba43a07c4479f40241756145a1f03b43480e058cfd862bf5041c7",
                "sha256:f6f824dc3bce0edab5f427efcfb1d63ee75b6fcb7282900ccaf925be84efb0fc",
                "sha256:fd8a250edc26254fe5b33be00402e6d287f562b6a5b2152dec302fa15bb3e997",
                "sha256:ffaa5c925128e29efbde7301d8ecaf35c8c60ffbcd6a1ffd3a552177c8e5e796"
            ],
            "version": "==1.15.0"
        },
        "cryptography": {
            "hashes": [
                "sha256:093cb351031656d3ee2f4fa1be579a8c69c754cf874206be1d4cf3b542042804",
                "sha256:0cc20f655157d4cfc7bada909dc5cc228211b075ba8407c46467f63597c78178",
                "sha256:1b9362d34363f2c71b7853f6251219298124aa4cc2075ae2932e64c91a3e2717",
                "sha256:1f3bfbd611db5cb58ca82f3deb35e83af34bb8cf06043fa61500157d50a70982",
                "sha256:2bd1096476aaac820426239ab534b636c77d71af66c547b9ddcd76eb9c79e004",
                "sha256:31fe38d14d2e5f787e0aecef831457da6cec68e0bb09a35835b0b44ae8b988fe",
                "sha256:3b8398b3d0efc420e777c40c16764d6870bcef2eb383df9c6dbb9ffe12c64452",
                "sha256:3c81599befb4d4f3d7648ed3217e00d21a9341a9a688ecdd615ff72ffbed7336",
                "sha256:419c57d7b63f5ec38b1199a9521d77d7d1754eb97827bbb773162073ccd8c8d4",
                "sha256:46f4c544f6557a2fefa7ac8ac7d1b17bf9b647bd20b16decc8fbcab7117fbc15",
                "sha256:471e0d70201c069f74c837983189949aa0d24bb2d751b57e26e3761f2f782b8d",
                "sha256:59b281eab51e1b6b6afa525af2bd93c16d49358404f814fe2c2410058623928c",
                "sha256:731c8abd27693323b348518ed0e0705713a36d79fdbd969ad968fbef0979a7e0",
                "sha256:95e590dd70642eb2079d280420a888190aa040ad20f19ec8c6e097e38aa29e06",
                "sha256:a68254dd88021f24a68b613d8c51d5c5e74d735878b9e32cc0adf19d1f10aaf9",
                "sha256:a7d5137e556cc0ea418dca6186deabe9129cee318618eb1ffecbd35bee55ddc1",
                "sha256:aeaba7b5e756ea52c8861c133c596afe93dd716cbcacae23b80bc238202dc023",
                "sha256:dc26bb134452081859aa21d4990474ddb7e863aa39e60d1592800a8865a702de",
                "sha256:e53258e69874a306fcecb88b7534d61820db8a98655662a3dd2ec7f1afd9132f",
                "sha256:ef15c2df7656763b4ff20a9bc4381d8352e6640cfeb95c2972c38ef508e75181",
                "sha256:f224ad253cc9cea7568f49077007d2263efa57396a2f2f78114066fd54b5c68e",
                "sha256:f8ec91983e638a9bcd75b39f1396e5c0dc2330cbd9ce4accefe68717e6779e0a"
            ],
            "version": "==37.0.2"
        },
        "h11": {
            "hashes": [
                "sha256:70813c1135087a248a4d38cc0e1a0181ffab2188141a93eaf567940c3957ff06",
                "sha256:8ddd78563b633ca55346c8cd41ec0af27d3c79931828beffb46ce70a379e7442"
            ],
            "markers": "python_version >= '3.6'",
            "version": "==0.13.0"
        },
        "idna": {
            "hashes": [
                "sha256:84d9dd047ffa80596e0f246e2eab0b391788b0503584e8945f2368256d2735ff",
                "sha256:9d643ff0a55b762d5cdb124b8eaa99c66322e2157b69160bc32796e824360e6d"
            ],
            "markers": "python_version >= '3.5'",
            "version": "==3.3"
        },
        "outcome": {
            "hashes": [
                "sha256:c7dd9375cfd3c12db9801d080a3b63d4b0a261aa996c4c13152380587288d958",
                "sha256:e862f01d4e626e63e8f92c38d1f8d5546d3f9cce989263c521b2e7990d186967"
            ],
            "markers": "python_version >= '3.6'",
            "version": "==1.1.0"
        },
        "pycparser": {
            "hashes": [
                "sha256:8ee45429555515e1f6b185e78100aea234072576aa43ab53aefcae078162fca9",
                "sha256:e644fdec12f7872f86c58ff790da456218b10f863970249516d60a5eaca77206"
            ],
            "version": "==2.21"
        },
        "pyopenssl": {
            "hashes": [
                "sha256:660b1b1425aac4a1bea1d94168a85d99f0b3144c869dd4390d27629d0087f1bf",
                "sha256:ea252b38c87425b64116f808355e8da644ef9b07e429398bfece610f893ee2e0"
            ],
            "version": "==22.0.0"
        },
        "pysocks": {
            "hashes": [
                "sha256:08e69f092cc6dbe92a0fdd16eeb9b9ffbc13cadfe5ca4c7bd92ffb078b293299",
                "sha256:2725bd0a9925919b9b51739eea5f9e2bae91e83288108a9ad338b2e3a4435ee5",
                "sha256:3f8804571ebe159c380ac6de37643bb4685970655d3bba243530d6558b799aa0"
            ],
            "version": "==1.7.1"
        },
        "python-telegram-bot": {
            "hashes": [
                "sha256:534f5bb0ff4ca34c9252e97e0b3bcdab81d97be0eb4821682a361cb426c00e55",
                "sha256:baeff704baa2ac3dc17a944c02da888228ad258e89be2e5bcbd13a8a5102d573"
            ],
            "index": "pypi",
            "version": "==13.11"
        },
        "pytz": {
            "hashes": [
                "sha256:1e760e2fe6a8163bc0b3d9a19c4f84342afa0a2affebfaa84b01b978a02ecaa7",
                "sha256:e68985985296d9a66a881eb3193b0906246245294a881e7c8afe623866ac6a5c"
            ],
            "version": "==2022.1"
        },
        "pytz-deprecation-shim": {
            "hashes": [
                "sha256:8314c9692a636c8eb3bda879b9f119e350e93223ae83e70e80c31675a0fdc1a6",
                "sha256:af097bae1b616dde5c5744441e2ddc69e74dfdcb0c263129610d85b87445a59d"
            ],
            "markers": "python_version >= '2.7' and python_version not in '3.0, 3.1, 3.2, 3.3, 3.4, 3.5'",
            "version": "==0.1.0.post0"
        },
        "selenium": {
            "hashes": [
                "sha256:866b6dd6c459210662bff922ee7c33162d21920fbf6811e8e5a52be3866a687f"
            ],
            "index": "pypi",
            "version": "==4.1.5"
        },
        "setuptools": {
            "hashes": [
                "sha256:26ead7d1f93efc0f8c804d9fafafbe4a44b179580a7105754b245155f9af05a8",
                "sha256:47c7b0c0f8fc10eec4cf1e71c6fdadf8decaa74ffa087e68cd1c20db7ad6a592"
            ],
            "markers": "python_version >= '3.7'",
            "version": "==62.1.0"
        },
        "six": {
            "hashes": [
                "sha256:1e61c37477a1626458e36f7b1d82aa5c9b094fa4802892072e49de9c60c4c926",
                "sha256:8abb2f1d86890a2dfb989f9a77cfcfd3e47c2a354b01111771326f8aa26e0254"
            ],
            "markers": "python_version >= '2.7' and python_version not in '3.0, 3.1, 3.2, 3.3'",
            "version": "==1.16.0"
        },
        "sniffio": {
            "hashes": [
                "sha256:471b71698eac1c2112a40ce2752bb2f4a4814c22a54a3eed3676bc0f5ca9f663",
                "sha256:c4666eecec1d3f50960c6bdf61ab7bc350648da6c126e3cf6898d8cd4ddcd3de"
            ],
            "markers": "python_version >= '3.5'",
            "version": "==1.2.0"
        },
        "sortedcontainers": {
            "hashes": [
                "sha256:25caa5a06cc30b6b83d11423433f65d1f9d76c4c6a0c90e3379eaa43b9bfdb88",
                "sha256:a163dcaede0f1c021485e957a39245190e74249897e2ae4b2aa38595db237ee0"
            ],
            "version": "==2.4.0"
        },
        "tornado": {
            "hashes": [
                "sha256:0a00ff4561e2929a2c37ce706cb8233b7907e0cdc22eab98888aca5dd3775feb",
                "sha256:0d321a39c36e5f2c4ff12b4ed58d41390460f798422c4504e09eb5678e09998c",
                "sha256:1e8225a1070cd8eec59a996c43229fe8f95689cb16e552d130b9793cb570a288",
                "sha256:20241b3cb4f425e971cb0a8e4ffc9b0a861530ae3c52f2b0434e6c1b57e9fd95",
                "sha256:25ad220258349a12ae87ede08a7b04aca51237721f63b1808d39bdb4b2164558",
                "sha256:33892118b165401f291070100d6d09359ca74addda679b60390b09f8ef325ffe",
                "sha256:33c6e81d7bd55b468d2e793517c909b139960b6c790a60b7991b9b6b76fb9791",
                "sha256:3447475585bae2e77ecb832fc0300c3695516a47d46cefa0528181a34c5b9d3d",
                "sha256:34ca2dac9e4d7afb0bed4677512e36a52f09caa6fded70b4e3e1c89dbd92c326",
                "sha256:3e63498f680547ed24d2c71e6497f24bca791aca2fe116dbc2bd0ac7f191691b",
                "sha256:548430be2740e327b3fe0201abe471f314741efcb0067ec4f2d7dcfb4825f3e4",
                "sha256:6196a5c39286cc37c024cd78834fb9345e464525d8991c21e908cc046d1cc02c",
                "sha256:61b32d06ae8a036a6607805e6720ef00a3c98207038444ba7fd3d169cd998910",
                "sha256:6286efab1ed6e74b7028327365cf7346b1d777d63ab30e21a0f4d5b275fc17d5",
                "sha256:65d98939f1a2e74b58839f8c4dab3b6b3c1ce84972ae712be02845e65391ac7c",
                "sha256:66324e4e1beede9ac79e60f88de548da58b1f8ab4b2f1354d8375774f997e6c0",
                "sha256:6c77c9937962577a6a76917845d06af6ab9197702a42e1346d8ae2e76b5e3675",
                "sha256:70dec29e8ac485dbf57481baee40781c63e381bebea080991893cd297742b8fd",
                "sha256:7250a3fa399f08ec9cb3f7b1b987955d17e044f1ade821b32e5f435130250d7f",
                "sha256:748290bf9112b581c525e6e6d3820621ff020ed95af6f17fedef416b27ed564c",
                "sha256:7da13da6f985aab7f6f28debab00c67ff9cbacd588e8477034c0652ac141feea",
                "sha256:8f959b26f2634a091bb42241c3ed8d3cedb506e7c27b8dd5c7b9f745318ddbb6",
                "sha256:9de9e5188a782be6b1ce866e8a51bc76a0fbaa0e16613823fc38e4fc2556ad05",
                "sha256:a48900ecea1cbb71b8c71c620dee15b62f85f7c14189bdeee54966fbd9a0c5bd",
                "sha256:b87936fd2c317b6ee08a5741ea06b9d11a6074ef4cc42e031bc6403f82a32575",
                "sha256:c77da1263aa361938476f04c4b6c8916001b90b2c2fdd92d8d535e1af48fba5a",
                "sha256:cb5ec8eead331e3bb4ce8066cf06d2dfef1bfb1b2a73082dfe8a161301b76e37",
                "sha256:cc0ee35043162abbf717b7df924597ade8e5395e7b66d18270116f8745ceb795",
                "sha256:d14d30e7f46a0476efb0deb5b61343b1526f73ebb5ed84f23dc794bdb88f9d9f",
                "sha256:d371e811d6b156d82aa5f9a4e08b58debf97c302a35714f6f45e35139c332e32",
                "sha256:d3d20ea5782ba63ed13bc2b8c291a053c8d807a8fa927d941bd718468f7b950c",
                "sha256:d3f7594930c423fd9f5d1a76bee85a2c36fd8b4b16921cae7e965f22575e9c01",
                "sha256:dcef026f608f678c118779cd6591c8af6e9b4155c44e0d1bc0c87c036fb8c8c4",
                "sha256:e0791ac58d91ac58f694d8d2957884df8e4e2f6687cdf367ef7eb7497f79eaa2",
                "sha256:e385b637ac3acaae8022e7e47dfa7b83d3620e432e3ecb9a3f7f58f150e50921",
                "sha256:e519d64089b0876c7b467274468709dadf11e41d65f63bba207e04217f47c085",
                "sha256:e7229e60ac41a1202444497ddde70a48d33909e484f96eb0da9baf8dc68541df",
                "sha256:ed3ad863b1b40cd1d4bd21e7498329ccaece75db5a5bf58cd3c9f130843e7102",
                "sha256:f0ba29bafd8e7e22920567ce0d232c26d4d47c8b5cf4ed7b562b5db39fa199c5",
                "sha256:fa2ba70284fa42c2a5ecb35e322e68823288a4251f9ba9cc77be04ae15eada68",
                "sha256:fba85b6cd9c39be262fcd23865652920832b61583de2a2ca907dbd8e8a8c81e5"
            ],
            "markers": "python_version >= '3.5'",
            "version": "==6.1"
        },
        "trio": {
            "hashes": [
                "sha256:670a52d3115d0e879e1ac838a4eb999af32f858163e3a704fe4839de2a676070",
                "sha256:fb2d48e4eab0dfb786a472cd514aaadc71e3445b203bc300bad93daa75d77c1a"
            ],
            "markers": "python_version >= '3.7'",
            "version": "==0.20.0"
        },
        "trio-websocket": {
            "hashes": [
                "sha256:5b558f6e83cc20a37c3b61202476c5295d1addf57bd65543364e0337e37ed2bc",
                "sha256:a3d34de8fac26023eee701ed1e7bf4da9a8326b61a62934ec9e53b64970fd8fe"
            ],
            "markers": "python_version >= '3.5'",
            "version": "==0.9.2"
        },
        "tzdata": {
            "hashes": [
                "sha256:238e70234214138ed7b4e8a0fab0e5e13872edab3be586ab8198c407620e2ab9",
                "sha256:8b536a8ec63dc0751342b3984193a3118f8fca2afe25752bb9b7fffd398552d3"
            ],
            "markers": "python_version >= '3.6'",
            "version": "==2022.1"
        },
        "tzlocal": {
            "hashes": [
                "sha256:89885494684c929d9191c57aa27502afc87a579be5cdd3225c77c463ea043745",
                "sha256:ee5842fa3a795f023514ac2d801c4a81d1743bbe642e3940143326b3a00addd7"
            ],
            "markers": "python_version >= '3.6'",
            "version": "==4.2"
        },
        "urllib3": {
            "extras": [
                "secure",
                "socks"
            ],
            "hashes": [
                "sha256:44ece4d53fb1706f667c9bd1c648f5469a2ec925fcf3a776667042d645472c14",
                "sha256:aabaf16477806a5e1dd19aa41f8c2b7950dd3c746362d7e3223dbe6de6ac448e"
            ],
            "markers": "python_version >= '2.7' and python_version not in '3.0, 3.1, 3.2, 3.3, 3.4' and python_version < '4'",
            "version": "==1.26.9"
        },
        "wsproto": {
            "hashes": [
                "sha256:2218cb57952d90b9fca325c0dcfb08c3bda93e8fd8070b0a17f048e2e47a521b",
                "sha256:a2e56bfd5c7cd83c1369d83b5feccd6d37798b74872866e62616e0ecf111bda8"
            ],
            "markers": "python_version >= '3.7'",
            "version": "==1.1.0"
        }
    },
    "develop": {}
}
